// !$*UTF8*$!
{
	archiveVersion = 1;
	classes = {
	};
	objectVersion = 50;
	objects = {

/* Begin PBXBuildFile section */
		B3AB1851228A4FED0084802A /* AppDelegate.swift in Sources */ = {isa = PBXBuildFile; fileRef = B3AB1850228A4FED0084802A /* AppDelegate.swift */; };
		B3AB1853228A4FED0084802A /* art.scnassets in Resources */ = {isa = PBXBuildFile; fileRef = B3AB1852228A4FED0084802A /* art.scnassets */; };
		B3AB1855228A4FED0084802A /* ViewController.swift in Sources */ = {isa = PBXBuildFile; fileRef = B3AB1854228A4FED0084802A /* ViewController.swift */; };
		B3AB1858228A4FED0084802A /* Main.storyboard in Resources */ = {isa = PBXBuildFile; fileRef = B3AB1856228A4FED0084802A /* Main.storyboard */; };
		B3AB185A228A4FEE0084802A /* Assets.xcassets in Resources */ = {isa = PBXBuildFile; fileRef = B3AB1859228A4FEE0084802A /* Assets.xcassets */; };
		B3AB185D228A4FEE0084802A /* LaunchScreen.storyboard in Resources */ = {isa = PBXBuildFile; fileRef = B3AB185B228A4FEE0084802A /* LaunchScreen.storyboard */; };
		B3AB1865228B1C160084802A /* EarthTexture.png in Resources */ = {isa = PBXBuildFile; fileRef = B3AB1864228B1C160084802A /* EarthTexture.png */; };
/* End PBXBuildFile section */

/* Begin PBXFileReference section */
		B3AB184D228A4FED0084802A /* Blast Off.app */ = {isa = PBXFileReference; explicitFileType = wrapper.application; includeInIndex = 0; path = "Blast Off.app"; sourceTree = BUILT_PRODUCTS_DIR; };
		B3AB1850228A4FED0084802A /* AppDelegate.swift */ = {isa = PBXFileReference; lastKnownFileType = sourcecode.swift; path = AppDelegate.swift; sourceTree = "<group>"; };
		B3AB1852228A4FED0084802A /* art.scnassets */ = {isa = PBXFileReference; lastKnownFileType = wrapper.scnassets; path = art.scnassets; sourceTree = "<group>"; };
		B3AB1854228A4FED0084802A /* ViewController.swift */ = {isa = PBXFileReference; lastKnownFileType = sourcecode.swift; path = ViewController.swift; sourceTree = "<group>"; };
		B3AB1857228A4FED0084802A /* Base */ = {isa = PBXFileReference; lastKnownFileType = file.storyboard; name = Base; path = Base.lproj/Main.storyboard; sourceTree = "<group>"; };
		B3AB1859228A4FEE0084802A /* Assets.xcassets */ = {isa = PBXFileReference; lastKnownFileType = folder.assetcatalog; path = Assets.xcassets; sourceTree = "<group>"; };
		B3AB185C228A4FEE0084802A /* Base */ = {isa = PBXFileReference; lastKnownFileType = file.storyboard; name = Base; path = Base.lproj/LaunchScreen.storyboard; sourceTree = "<group>"; };
		B3AB185E228A4FEE0084802A /* Info.plist */ = {isa = PBXFileReference; lastKnownFileType = text.plist.xml; path = Info.plist; sourceTree = "<group>"; };
		B3AB1864228B1C160084802A /* EarthTexture.png */ = {isa = PBXFileReference; lastKnownFileType = image.png; path = EarthTexture.png; sourceTree = "<group>"; };
/* End PBXFileReference section */

/* Begin PBXFrameworksBuildPhase section */
		B3AB184A228A4FED0084802A /* Frameworks */ = {
			isa = PBXFrameworksBuildPhase;
			buildActionMask = 2147483647;
			files = (
			);
			runOnlyForDeploymentPostprocessing = 0;
		};
/* End PBXFrameworksBuildPhase section */

/* Begin PBXGroup section */
		B3AB1844228A4FED0084802A = {
			isa = PBXGroup;
			children = (
				B3AB184F228A4FED0084802A /* Blast Off */,
				B3AB184E228A4FED0084802A /* Products */,
			);
			sourceTree = "<group>";
		};
		B3AB184E228A4FED0084802A /* Products */ = {
			isa = PBXGroup;
			children = (
				B3AB184D228A4FED0084802A /* Blast Off.app */,
			);
			name = Products;
			sourceTree = "<group>";
		};
		B3AB184F228A4FED0084802A /* Blast Off */ = {
			isa = PBXGroup;
			children = (
				B3AB1850228A4FED0084802A /* AppDelegate.swift */,
				B3AB1852228A4FED0084802A /* art.scnassets */,
				B3AB1854228A4FED0084802A /* ViewController.swift */,
				B3AB1856228A4FED0084802A /* Main.storyboard */,
				B3AB1859228A4FEE0084802A /* Assets.xcassets */,
				B3AB1864228B1C160084802A /* EarthTexture.png */,
				B3AB185B228A4FEE0084802A /* LaunchScreen.storyboard */,
				B3AB185E228A4FEE0084802A /* Info.plist */,
			);
			path = "Blast Off";
			sourceTree = "<group>";
		};
/* End PBXGroup section */

/* Begin PBXNativeTarget section */
		B3AB184C228A4FED0084802A /* Blast Off */ = {
			isa = PBXNativeTarget;
			buildConfigurationList = B3AB1861228A4FEE0084802A /* Build configuration list for PBXNativeTarget "Blast Off" */;
			buildPhases = (
				B3AB1849228A4FED0084802A /* Sources */,
				B3AB184A228A4FED0084802A /* Frameworks */,
				B3AB184B228A4FED0084802A /* Resources */,
			);
			buildRules = (
			);
			dependencies = (
			);
			name = "Blast Off";
			productName = "Blast Off";
			productReference = B3AB184D228A4FED0084802A /* Blast Off.app */;
			productType = "com.apple.product-type.application";
		};
/* End PBXNativeTarget section */

/* Begin PBXProject section */
		B3AB1845228A4FED0084802A /* Project object */ = {
			isa = PBXProject;
			attributes = {
				LastSwiftUpdateCheck = 1010;
				LastUpgradeCheck = 1010;
				ORGANIZATIONNAME = personal;
				TargetAttributes = {
					B3AB184C228A4FED0084802A = {
						CreatedOnToolsVersion = 10.1;
					};
				};
			};
			buildConfigurationList = B3AB1848228A4FED0084802A /* Build configuration list for PBXProject "Blast Off" */;
			compatibilityVersion = "Xcode 9.3";
			developmentRegion = en;
			hasScannedForEncodings = 0;
			knownRegions = (
				en,
				Base,
			);
			mainGroup = B3AB1844228A4FED0084802A;
			productRefGroup = B3AB184E228A4FED0084802A /* Products */;
			projectDirPath = "";
			projectRoot = "";
			targets = (
				B3AB184C228A4FED0084802A /* Blast Off */,
			);
		};
/* End PBXProject section */

/* Begin PBXResourcesBuildPhase section */
		B3AB184B228A4FED0084802A /* Resources */ = {
			isa = PBXResourcesBuildPhase;
			buildActionMask = 2147483647;
			files = (
				B3AB1853228A4FED0084802A /* art.scnassets in Resources */,
				B3AB185D228A4FEE0084802A /* LaunchScreen.storyboard in Resources */,
				B3AB185A228A4FEE0084802A /* Assets.xcassets in Resources */,
				B3AB1865228B1C160084802A /* EarthTexture.png in Resources */,
				B3AB1858228A4FED0084802A /* Main.storyboard in Resources */,
			);
			runOnlyForDeploymentPostprocessing = 0;
		};
/* End PBXResourcesBuildPhase section */

/* Begin PBXSourcesBuildPhase section */
		B3AB1849228A4FED0084802A /* Sources */ = {
			isa = PBXSourcesBuildPhase;
			buildActionMask = 2147483647;
			files = (
				B3AB1855228A4FED0084802A /* ViewController.swift in Sources */,
				B3AB1851228A4FED0084802A /* AppDelegate.swift in Sources */,
			);
			runOnlyForDeploymentPostprocessing = 0;
		};
/* End PBXSourcesBuildPhase section */

/* Begin PBXVariantGroup section */
		B3AB1856228A4FED0084802A /* Main.storyboard */ = {
			isa = PBXVariantGroup;
			children = (
				B3AB1857228A4FED0084802A /* Base */,
			);
			name = Main.storyboard;
			sourceTree = "<group>";
		};
		B3AB185B228A4FEE0084802A /* LaunchScreen.storyboard */ = {
			isa = PBXVariantGroup;
			children = (
				B3AB185C228A4FEE0084802A /* Base */,
			);
			name = LaunchScreen.storyboard;
			sourceTree = "<group>";
		};
/* End PBXVariantGroup section */

/* Begin XCBuildConfiguration section */
		B3AB185F228A4FEE0084802A /* Debug */ = {
			isa = XCBuildConfiguration;
			buildSettings = {
				ALWAYS_SEARCH_USER_PATHS = NO;
				CLANG_ANALYZER_NONNULL = YES;
				CLANG_ANALYZER_NUMBER_OBJECT_CONVERSION = YES_AGGRESSIVE;
				CLANG_CXX_LANGUAGE_STANDARD = "gnu++14";
				CLANG_CXX_LIBRARY = "libc++";
				CLANG_ENABLE_MODULES = YES;
				CLANG_ENABLE_OBJC_ARC = YES;
				CLANG_ENABLE_OBJC_WEAK = YES;
				CLANG_WARN_BLOCK_CAPTURE_AUTORELEASING = YES;
				CLANG_WARN_BOOL_CONVERSION = YES;
				CLANG_WARN_COMMA = YES;
				CLANG_WARN_CONSTANT_CONVERSION = YES;
				CLANG_WARN_DEPRECATED_OBJC_IMPLEMENTATIONS = YES;
				CLANG_WARN_DIRECT_OBJC_ISA_USAGE = YES_ERROR;
				CLANG_WARN_DOCUMENTATION_COMMENTS = YES;
				CLANG_WARN_EMPTY_BODY = YES;
				CLANG_WARN_ENUM_CONVERSION = YES;
				CLANG_WARN_INFINITE_RECURSION = YES;
				CLANG_WARN_INT_CONVERSION = YES;
				CLANG_WARN_NON_LITERAL_NULL_CONVERSION = YES;
				CLANG_WARN_OBJC_IMPLICIT_RETAIN_SELF = YES;
				CLANG_WARN_OBJC_LITERAL_CONVERSION = YES;
				CLANG_WARN_OBJC_ROOT_CLASS = YES_ERROR;
				CLANG_WARN_RANGE_LOOP_ANALYSIS = YES;
				CLANG_WARN_STRICT_PROTOTYPES = YES;
				CLANG_WARN_SUSPICIOUS_MOVE = YES;
				CLANG_WARN_UNGUARDED_AVAILABILITY = YES_AGGRESSIVE;
				CLANG_WARN_UNREACHABLE_CODE = YES;
				CLANG_WARN__DUPLICATE_METHOD_MATCH = YES;
				CODE_SIGN_IDENTITY = "iPhone Developer";
				COPY_PHASE_STRIP = NO;
				DEBUG_INFORMATION_FORMAT = dwarf;
				ENABLE_STRICT_OBJC_MSGSEND = YES;
				ENABLE_TESTABILITY = YES;
				GCC_C_LANGUAGE_STANDARD = gnu11;
				GCC_DYNAMIC_NO_PIC = NO;
				GCC_NO_COMMON_BLOCKS = YES;
				GCC_OPTIMIZATION_LEVEL = 0;
				GCC_PREPROCESSOR_DEFINITIONS = (
					"DEBUG=1",
					"$(inherited)",
				);
				GCC_WARN_64_TO_32_BIT_CONVERSION = YES;
				GCC_WARN_ABOUT_RETURN_TYPE = YES_ERROR;
				GCC_WARN_UNDECLARED_SELECTOR = YES;
				GCC_WARN_UNINITIALIZED_AUTOS = YES_AGGRESSIVE;
				GCC_WARN_UNUSED_FUNCTION = YES;
				GCC_WARN_UNUSED_VARIABLE = YES;
				IPHONEOS_DEPLOYMENT_TARGET = 12.1;
				MTL_ENABLE_DEBUG_INFO = INCLUDE_SOURCE;
				MTL_FAST_MATH = YES;
				ONLY_ACTIVE_ARCH = YES;
				SDKROOT = iphoneos;
				SWIFT_ACTIVE_COMPILATION_CONDITIONS = DEBUG;
				SWIFT_OPTIMIZATION_LEVEL = "-Onone";
			};
			name = Debug;
		};
		B3AB1860228A4FEE0084802A /* Release */ = {
			isa = XCBuildConfiguration;
			buildSettings = {
				ALWAYS_SEARCH_USER_PATHS = NO;
				CLANG_ANALYZER_NONNULL = YES;
				CLANG_ANALYZER_NUMBER_OBJECT_CONVERSION = YES_AGGRESSIVE;
				CLANG_CXX_LANGUAGE_STANDARD = "gnu++14";
				CLANG_CXX_LIBRARY = "libc++";
				CLANG_ENABLE_MODULES = YES;
				CLANG_ENABLE_OBJC_ARC = YES;
				CLANG_ENABLE_OBJC_WEAK = YES;
				CLANG_WARN_BLOCK_CAPTURE_AUTORELEASING = YES;
				CLANG_WARN_BOOL_CONVERSION = YES;
				CLANG_WARN_COMMA = YES;
				CLANG_WARN_CONSTANT_CONVERSION = YES;
				CLANG_WARN_DEPRECATED_OBJC_IMPLEMENTATIONS = YES;
				CLANG_WARN_DIRECT_OBJC_ISA_USAGE = YES_ERROR;
				CLANG_WARN_DOCUMENTATION_COMMENTS = YES;
				CLANG_WARN_EMPTY_BODY = YES;
				CLANG_WARN_ENUM_CONVERSION = YES;
				CLANG_WARN_INFINITE_RECURSION = YES;
				CLANG_WARN_INT_CONVERSION = YES;
				CLANG_WARN_NON_LITERAL_NULL_CONVERSION = YES;
				CLANG_WARN_OBJC_IMPLICIT_RETAIN_SELF = YES;
				CLANG_WARN_OBJC_LITERAL_CONVERSION = YES;
				CLANG_WARN_OBJC_ROOT_CLASS = YES_ERROR;
				CLANG_WARN_RANGE_LOOP_ANALYSIS = YES;
				CLANG_WARN_STRICT_PROTOTYPES = YES;
				CLANG_WARN_SUSPICIOUS_MOVE = YES;
				CLANG_WARN_UNGUARDED_AVAILABILITY = YES_AGGRESSIVE;
				CLANG_WARN_UNREACHABLE_CODE = YES;
				CLANG_WARN__DUPLICATE_METHOD_MATCH = YES;
				CODE_SIGN_IDENTITY = "iPhone Developer";
				COPY_PHASE_STRIP = NO;
				DEBUG_INFORMATION_FORMAT = "dwarf-with-dsym";
				ENABLE_NS_ASSERTIONS = NO;
				ENABLE_STRICT_OBJC_MSGSEND = YES;
				GCC_C_LANGUAGE_STANDARD = gnu11;
				GCC_NO_COMMON_BLOCKS = YES;
				GCC_WARN_64_TO_32_BIT_CONVERSION = YES;
				GCC_WARN_ABOUT_RETURN_TYPE = YES_ERROR;
				GCC_WARN_UNDECLARED_SELECTOR = YES;
				GCC_WARN_UNINITIALIZED_AUTOS = YES_AGGRESSIVE;
				GCC_WARN_UNUSED_FUNCTION = YES;
				GCC_WARN_UNUSED_VARIABLE = YES;
				IPHONEOS_DEPLOYMENT_TARGET = 12.1;
				MTL_ENABLE_DEBUG_INFO = NO;
				MTL_FAST_MATH = YES;
				SDKROOT = iphoneos;
				SWIFT_COMPILATION_MODE = wholemodule;
				SWIFT_OPTIMIZATION_LEVEL = "-O";
				VALIDATE_PRODUCT = YES;
			};
			name = Release;
		};
		B3AB1862228A4FEE0084802A /* Debug */ = {
			isa = XCBuildConfiguration;
			buildSettings = {
				ASSETCATALOG_COMPILER_APPICON_NAME = AppIcon;
				CODE_SIGN_STYLE = Automatic;
				DEVELOPMENT_TEAM = 37NWD4XUMT;
				INFOPLIST_FILE = "Blast Off/Info.plist";
				LD_RUNPATH_SEARCH_PATHS = (
					"$(inherited)",
					"@executable_path/Frameworks",
				);
				PRODUCT_BUNDLE_IDENTIFIER = "com.personal.BlastOff.Blast-Off";
				PRODUCT_NAME = "$(TARGET_NAME)";
				SWIFT_VERSION = 4.2;
				TARGETED_DEVICE_FAMILY = "1,2";
			};
			name = Debug;
		};
		B3AB1863228A4FEE0084802A /* Release */ = {
			isa = XCBuildConfiguration;
			buildSettings = {
				ASSETCATALOG_COMPILER_APPICON_NAME = AppIcon;
				CODE_SIGN_STYLE = Automatic;
				DEVELOPMENT_TEAM = 37NWD4XUMT;
				INFOPLIST_FILE = "Blast Off/Info.plist";
				LD_RUNPATH_SEARCH_PATHS = (
					"$(inherited)",
					"@executable_path/Frameworks",
				);
				PRODUCT_BUNDLE_IDENTIFIER = "com.personal.BlastOff.Blast-Off";
				PRODUCT_NAME = "$(TARGET_NAME)";
				SWIFT_VERSION = 4.2;
				TARGETED_DEVICE_FAMILY = "1,2";
			};
			name = Release;
		};
/* End XCBuildConfiguration section */

/* Begin XCConfigurationList section */
		B3AB1848228A4FED0084802A /* Build configuration list for PBXProject "Blast Off" */ = {
			isa = XCConfigurationList;
			buildConfigurations = (
				B3AB185F228A4FEE0084802A /* Debug */,
				B3AB1860228A4FEE0084802A /* Release */,
			);
			defaultConfigurationIsVisible = 0;
			defaultConfigurationName = Release;
		};
		B3AB1861228A4FEE0084802A /* Build configuration list for PBXNativeTarget "Blast Off" */ = {
			isa = XCConfigurationList;
			buildConfigurations = (
				B3AB1862228A4FEE0084802A /* Debug */,
				B3AB1863228A4FEE0084802A /* Release */,
			);
			defaultConfigurationIsVisible = 0;
			defaultConfigurationName = Release;
		};
/* End XCConfigurationList section */
	};
	rootObject = B3AB1845228A4FED0084802A /* Project object */;
}
