// !$*UTF8*$!
{
	archiveVersion = 1;
	classes = {
	};
	objectVersion = 50;
	objects = {

/* Begin PBXBuildFile section */
		B30764EE22D11ED400C2AD66 /* waves.png in Resources */ = {isa = PBXBuildFile; fileRef = B30764ED22D11ED400C2AD66 /* waves.png */; };
		B30764F422D1310400C2AD66 /* UIButtonX.swift in Sources */ = {isa = PBXBuildFile; fileRef = B30764F022D1310400C2AD66 /* UIButtonX.swift */; };
		B30764F522D1310400C2AD66 /* UILabelX.swift in Sources */ = {isa = PBXBuildFile; fileRef = B30764F122D1310400C2AD66 /* UILabelX.swift */; };
		B30764F622D1310400C2AD66 /* UIImageViewX.swift in Sources */ = {isa = PBXBuildFile; fileRef = B30764F222D1310400C2AD66 /* UIImageViewX.swift */; };
		B30764F722D1310400C2AD66 /* UIViewX.swift in Sources */ = {isa = PBXBuildFile; fileRef = B30764F322D1310400C2AD66 /* UIViewX.swift */; };
		B30764F922D155FF00C2AD66 /* AboutViewController.swift in Sources */ = {isa = PBXBuildFile; fileRef = B30764F822D155FF00C2AD66 /* AboutViewController.swift */; };
		B30764FB22D1581200C2AD66 /* M0Tutorial.swift in Sources */ = {isa = PBXBuildFile; fileRef = B30764FA22D1581200C2AD66 /* M0Tutorial.swift */; };
		B30764FD22D159AA00C2AD66 /* N0Tutorial.swift in Sources */ = {isa = PBXBuildFile; fileRef = B30764FC22D159AA00C2AD66 /* N0Tutorial.swift */; };
		B31283F222C2E4C300133212 /* AppIconMain.png in Resources */ = {isa = PBXBuildFile; fileRef = B31283F122C2E4C200133212 /* AppIconMain.png */; };
		B318F23622CF96E2008A524E /* minTutBG.jpg in Resources */ = {isa = PBXBuildFile; fileRef = B318F23522CF96E2008A524E /* minTutBG.jpg */; };
		B37D9F3C22CCE748001384E3 /* P0Tutorial.swift in Sources */ = {isa = PBXBuildFile; fileRef = B37D9F3B22CCE748001384E3 /* P0Tutorial.swift */; };
		B38A3F5722A06A0500F00DEB /* PCIOEBackground.png in Resources */ = {isa = PBXBuildFile; fileRef = B38A3F5622A06A0500F00DEB /* PCIOEBackground.png */; };
		B38A3F5922A06B5100F00DEB /* Matterhorn.jpeg in Resources */ = {isa = PBXBuildFile; fileRef = B38A3F5822A06B5100F00DEB /* Matterhorn.jpeg */; };
		B38A3F5B22A0A12E00F00DEB /* OrbitBGMain.jpg in Resources */ = {isa = PBXBuildFile; fileRef = B38A3F5A22A0A12E00F00DEB /* OrbitBGMain.jpg */; };
		B393553D2298770D00F88C4A /* HomeViewController.swift in Sources */ = {isa = PBXBuildFile; fileRef = B393553C2298770D00F88C4A /* HomeViewController.swift */; };
		B393553F2299B89E00F88C4A /* OrbitsTableViewController.swift in Sources */ = {isa = PBXBuildFile; fileRef = B393553E2299B89E00F88C4A /* OrbitsTableViewController.swift */; };
		B39355412299C33200F88C4A /* Orbit.swift in Sources */ = {isa = PBXBuildFile; fileRef = B39355402299C33200F88C4A /* Orbit.swift */; };
		B3935543229A185B00F88C4A /* settingsIcon.png in Resources */ = {isa = PBXBuildFile; fileRef = B3935542229A185B00F88C4A /* settingsIcon.png */; };
		B3935545229B344000F88C4A /* SettingsTBController.swift in Sources */ = {isa = PBXBuildFile; fileRef = B3935544229B344000F88C4A /* SettingsTBController.swift */; };
		B3935548229B3C1300F88C4A /* OEController.swift in Sources */ = {isa = PBXBuildFile; fileRef = B3935547229B3C1300F88C4A /* OEController.swift */; };
		B3AB1851228A4FED0084802A /* AppDelegate.swift in Sources */ = {isa = PBXBuildFile; fileRef = B3AB1850228A4FED0084802A /* AppDelegate.swift */; };
		B3AB1853228A4FED0084802A /* art.scnassets in Resources */ = {isa = PBXBuildFile; fileRef = B3AB1852228A4FED0084802A /* art.scnassets */; };
		B3AB1855228A4FED0084802A /* ARViewController.swift in Sources */ = {isa = PBXBuildFile; fileRef = B3AB1854228A4FED0084802A /* ARViewController.swift */; };
		B3AB1858228A4FED0084802A /* Main.storyboard in Resources */ = {isa = PBXBuildFile; fileRef = B3AB1856228A4FED0084802A /* Main.storyboard */; };
		B3AB185A228A4FEE0084802A /* Assets.xcassets in Resources */ = {isa = PBXBuildFile; fileRef = B3AB1859228A4FEE0084802A /* Assets.xcassets */; };
		B3AB185D228A4FEE0084802A /* LaunchScreen.storyboard in Resources */ = {isa = PBXBuildFile; fileRef = B3AB185B228A4FEE0084802A /* LaunchScreen.storyboard */; };
		B3AB1865228B1C160084802A /* EarthTexture.png in Resources */ = {isa = PBXBuildFile; fileRef = B3AB1864228B1C160084802A /* EarthTexture.png */; };
		B3AB186F229062C70084802A /* DownArrow.png in Resources */ = {isa = PBXBuildFile; fileRef = B3AB186D229062C70084802A /* DownArrow.png */; };
		B3AB1870229062C70084802A /* UpArrow.png in Resources */ = {isa = PBXBuildFile; fileRef = B3AB186E229062C70084802A /* UpArrow.png */; };
		B3AB187222931DE90084802A /* OrbitEquations.swift in Sources */ = {isa = PBXBuildFile; fileRef = B3AB187122931DE90084802A /* OrbitEquations.swift */; };
		B3B2FED3229B7F84009AE1CD /* DefaultOrbitsAndVars.swift in Sources */ = {isa = PBXBuildFile; fileRef = B3B2FED2229B7F84009AE1CD /* DefaultOrbitsAndVars.swift */; };
		B3B2FED5229C5C69009AE1CD /* PCIOEViewController.swift in Sources */ = {isa = PBXBuildFile; fileRef = B3B2FED4229C5C69009AE1CD /* PCIOEViewController.swift */; };
		B3B2FED7229C68D4009AE1CD /* DataStructure.swift in Sources */ = {isa = PBXBuildFile; fileRef = B3B2FED6229C68D4009AE1CD /* DataStructure.swift */; };
		B3B2FED9229DB4B0009AE1CD /* OrbitCell.swift in Sources */ = {isa = PBXBuildFile; fileRef = B3B2FED8229DB4B0009AE1CD /* OrbitCell.swift */; };
		B3C6900D22973FC200AB80BF /* MainBGImage.jpg in Resources */ = {isa = PBXBuildFile; fileRef = B3C6900B22973FC200AB80BF /* MainBGImage.jpg */; };
		B3C6900E22973FC200AB80BF /* rvBG.jpg in Resources */ = {isa = PBXBuildFile; fileRef = B3C6900C22973FC200AB80BF /* rvBG.jpg */; };
		B3C6901122974ED100AB80BF /* PCIController.swift in Sources */ = {isa = PBXBuildFile; fileRef = B3C6901022974ED100AB80BF /* PCIController.swift */; };
		B3F0CA5A22DE0C8F007D75A9 /* aboutPic.jpg in Resources */ = {isa = PBXBuildFile; fileRef = B3F0CA5922DE0C8E007D75A9 /* aboutPic.jpg */; };
		B3F0CA5C22DE0F7C007D75A9 /* UF_MAElogo.png in Resources */ = {isa = PBXBuildFile; fileRef = B3F0CA5B22DE0F7B007D75A9 /* UF_MAElogo.png */; };
		B3F0CA5E22DE0FF6007D75A9 /* engineeringLogo.png in Resources */ = {isa = PBXBuildFile; fileRef = B3F0CA5D22DE0FF5007D75A9 /* engineeringLogo.png */; };
		B3F0CA6022DE2B4C007D75A9 /* headshot.jpg in Resources */ = {isa = PBXBuildFile; fileRef = B3F0CA5F22DE2B4B007D75A9 /* headshot.jpg */; };
		B3F0CA6422DE3434007D75A9 /* Mocha.jpeg in Resources */ = {isa = PBXBuildFile; fileRef = B3F0CA6322DE3434007D75A9 /* Mocha.jpeg */; };
		B3F0CA6A22DE384E007D75A9 /* donation.png in Resources */ = {isa = PBXBuildFile; fileRef = B3F0CA6922DE384D007D75A9 /* donation.png */; };
		B3F0CA6C22DE7492007D75A9 /* gatorsLogo.png in Resources */ = {isa = PBXBuildFile; fileRef = B3F0CA6B22DE7491007D75A9 /* gatorsLogo.png */; };
		B3F0CA6E22DE806D007D75A9 /* selfie.jpg in Resources */ = {isa = PBXBuildFile; fileRef = B3F0CA6D22DE806C007D75A9 /* selfie.jpg */; };
/* End PBXBuildFile section */

/* Begin PBXFileReference section */
		B30764ED22D11ED400C2AD66 /* waves.png */ = {isa = PBXFileReference; lastKnownFileType = image.png; path = waves.png; sourceTree = "<group>"; };
		B30764F022D1310400C2AD66 /* UIButtonX.swift */ = {isa = PBXFileReference; fileEncoding = 4; lastKnownFileType = sourcecode.swift; path = UIButtonX.swift; sourceTree = "<group>"; };
		B30764F122D1310400C2AD66 /* UILabelX.swift */ = {isa = PBXFileReference; fileEncoding = 4; lastKnownFileType = sourcecode.swift; path = UILabelX.swift; sourceTree = "<group>"; };
		B30764F222D1310400C2AD66 /* UIImageViewX.swift */ = {isa = PBXFileReference; fileEncoding = 4; lastKnownFileType = sourcecode.swift; path = UIImageViewX.swift; sourceTree = "<group>"; };
		B30764F322D1310400C2AD66 /* UIViewX.swift */ = {isa = PBXFileReference; fileEncoding = 4; lastKnownFileType = sourcecode.swift; path = UIViewX.swift; sourceTree = "<group>"; };
		B30764F822D155FF00C2AD66 /* AboutViewController.swift */ = {isa = PBXFileReference; lastKnownFileType = sourcecode.swift; path = AboutViewController.swift; sourceTree = "<group>"; };
		B30764FA22D1581200C2AD66 /* M0Tutorial.swift */ = {isa = PBXFileReference; lastKnownFileType = sourcecode.swift; path = M0Tutorial.swift; sourceTree = "<group>"; };
		B30764FC22D159AA00C2AD66 /* N0Tutorial.swift */ = {isa = PBXFileReference; lastKnownFileType = sourcecode.swift; path = N0Tutorial.swift; sourceTree = "<group>"; };
		B31283F122C2E4C200133212 /* AppIconMain.png */ = {isa = PBXFileReference; lastKnownFileType = image.png; path = AppIconMain.png; sourceTree = "<group>"; };
		B318F23522CF96E2008A524E /* minTutBG.jpg */ = {isa = PBXFileReference; lastKnownFileType = image.jpeg; path = minTutBG.jpg; sourceTree = "<group>"; };
		B37D9F3B22CCE748001384E3 /* P0Tutorial.swift */ = {isa = PBXFileReference; lastKnownFileType = sourcecode.swift; path = P0Tutorial.swift; sourceTree = "<group>"; };
		B38A3F5622A06A0500F00DEB /* PCIOEBackground.png */ = {isa = PBXFileReference; lastKnownFileType = image.png; path = PCIOEBackground.png; sourceTree = "<group>"; };
		B38A3F5822A06B5100F00DEB /* Matterhorn.jpeg */ = {isa = PBXFileReference; lastKnownFileType = image.jpeg; path = Matterhorn.jpeg; sourceTree = "<group>"; };
		B38A3F5A22A0A12E00F00DEB /* OrbitBGMain.jpg */ = {isa = PBXFileReference; lastKnownFileType = image.jpeg; path = OrbitBGMain.jpg; sourceTree = "<group>"; };
		B393553C2298770D00F88C4A /* HomeViewController.swift */ = {isa = PBXFileReference; lastKnownFileType = sourcecode.swift; path = HomeViewController.swift; sourceTree = "<group>"; };
		B393553E2299B89E00F88C4A /* OrbitsTableViewController.swift */ = {isa = PBXFileReference; lastKnownFileType = sourcecode.swift; path = OrbitsTableViewController.swift; sourceTree = "<group>"; };
		B39355402299C33200F88C4A /* Orbit.swift */ = {isa = PBXFileReference; lastKnownFileType = sourcecode.swift; path = Orbit.swift; sourceTree = "<group>"; };
		B3935542229A185B00F88C4A /* settingsIcon.png */ = {isa = PBXFileReference; lastKnownFileType = image.png; path = settingsIcon.png; sourceTree = "<group>"; };
		B3935544229B344000F88C4A /* SettingsTBController.swift */ = {isa = PBXFileReference; lastKnownFileType = sourcecode.swift; path = SettingsTBController.swift; sourceTree = "<group>"; };
		B3935547229B3C1300F88C4A /* OEController.swift */ = {isa = PBXFileReference; lastKnownFileType = sourcecode.swift; path = OEController.swift; sourceTree = "<group>"; };
		B3AB184D228A4FED0084802A /* AR Orbits.app */ = {isa = PBXFileReference; explicitFileType = wrapper.application; includeInIndex = 0; path = "AR Orbits.app"; sourceTree = BUILT_PRODUCTS_DIR; };
		B3AB1850228A4FED0084802A /* AppDelegate.swift */ = {isa = PBXFileReference; lastKnownFileType = sourcecode.swift; path = AppDelegate.swift; sourceTree = "<group>"; };
		B3AB1852228A4FED0084802A /* art.scnassets */ = {isa = PBXFileReference; lastKnownFileType = wrapper.scnassets; path = art.scnassets; sourceTree = "<group>"; };
		B3AB1854228A4FED0084802A /* ARViewController.swift */ = {isa = PBXFileReference; lastKnownFileType = sourcecode.swift; path = ARViewController.swift; sourceTree = "<group>"; };
		B3AB1857228A4FED0084802A /* Base */ = {isa = PBXFileReference; lastKnownFileType = file.storyboard; name = Base; path = Base.lproj/Main.storyboard; sourceTree = "<group>"; };
		B3AB1859228A4FEE0084802A /* Assets.xcassets */ = {isa = PBXFileReference; lastKnownFileType = folder.assetcatalog; path = Assets.xcassets; sourceTree = "<group>"; };
		B3AB185C228A4FEE0084802A /* Base */ = {isa = PBXFileReference; lastKnownFileType = file.storyboard; name = Base; path = Base.lproj/LaunchScreen.storyboard; sourceTree = "<group>"; };
		B3AB185E228A4FEE0084802A /* Info.plist */ = {isa = PBXFileReference; lastKnownFileType = text.plist.xml; path = Info.plist; sourceTree = "<group>"; };
		B3AB1864228B1C160084802A /* EarthTexture.png */ = {isa = PBXFileReference; lastKnownFileType = image.png; path = EarthTexture.png; sourceTree = "<group>"; };
		B3AB186D229062C70084802A /* DownArrow.png */ = {isa = PBXFileReference; lastKnownFileType = image.png; path = DownArrow.png; sourceTree = "<group>"; };
		B3AB186E229062C70084802A /* UpArrow.png */ = {isa = PBXFileReference; lastKnownFileType = image.png; path = UpArrow.png; sourceTree = "<group>"; };
		B3AB187122931DE90084802A /* OrbitEquations.swift */ = {isa = PBXFileReference; lastKnownFileType = sourcecode.swift; path = OrbitEquations.swift; sourceTree = "<group>"; };
		B3B2FED2229B7F84009AE1CD /* DefaultOrbitsAndVars.swift */ = {isa = PBXFileReference; lastKnownFileType = sourcecode.swift; path = DefaultOrbitsAndVars.swift; sourceTree = "<group>"; };
		B3B2FED4229C5C69009AE1CD /* PCIOEViewController.swift */ = {isa = PBXFileReference; lastKnownFileType = sourcecode.swift; path = PCIOEViewController.swift; sourceTree = "<group>"; };
		B3B2FED6229C68D4009AE1CD /* DataStructure.swift */ = {isa = PBXFileReference; lastKnownFileType = sourcecode.swift; path = DataStructure.swift; sourceTree = "<group>"; };
		B3B2FED8229DB4B0009AE1CD /* OrbitCell.swift */ = {isa = PBXFileReference; lastKnownFileType = sourcecode.swift; path = OrbitCell.swift; sourceTree = "<group>"; };
		B3C6900B22973FC200AB80BF /* MainBGImage.jpg */ = {isa = PBXFileReference; lastKnownFileType = image.jpeg; path = MainBGImage.jpg; sourceTree = "<group>"; };
		B3C6900C22973FC200AB80BF /* rvBG.jpg */ = {isa = PBXFileReference; lastKnownFileType = image.jpeg; path = rvBG.jpg; sourceTree = "<group>"; };
		B3C6901022974ED100AB80BF /* PCIController.swift */ = {isa = PBXFileReference; lastKnownFileType = sourcecode.swift; path = PCIController.swift; sourceTree = "<group>"; };
		B3F0CA5922DE0C8E007D75A9 /* aboutPic.jpg */ = {isa = PBXFileReference; lastKnownFileType = image.jpeg; path = aboutPic.jpg; sourceTree = "<group>"; };
		B3F0CA5B22DE0F7B007D75A9 /* UF_MAElogo.png */ = {isa = PBXFileReference; lastKnownFileType = image.png; path = UF_MAElogo.png; sourceTree = "<group>"; };
		B3F0CA5D22DE0FF5007D75A9 /* engineeringLogo.png */ = {isa = PBXFileReference; lastKnownFileType = image.png; path = engineeringLogo.png; sourceTree = "<group>"; };
		B3F0CA5F22DE2B4B007D75A9 /* headshot.jpg */ = {isa = PBXFileReference; lastKnownFileType = image.jpeg; path = headshot.jpg; sourceTree = "<group>"; };
		B3F0CA6322DE3434007D75A9 /* Mocha.jpeg */ = {isa = PBXFileReference; lastKnownFileType = image.jpeg; name = Mocha.jpeg; path = ../../../../Downloads/Mocha.jpeg; sourceTree = "<group>"; };
		B3F0CA6922DE384D007D75A9 /* donation.png */ = {isa = PBXFileReference; lastKnownFileType = image.png; path = donation.png; sourceTree = "<group>"; };
		B3F0CA6B22DE7491007D75A9 /* gatorsLogo.png */ = {isa = PBXFileReference; lastKnownFileType = image.png; path = gatorsLogo.png; sourceTree = "<group>"; };
		B3F0CA6D22DE806C007D75A9 /* selfie.jpg */ = {isa = PBXFileReference; lastKnownFileType = image.jpeg; path = selfie.jpg; sourceTree = "<group>"; };
/* End PBXFileReference section */

/* Begin PBXFrameworksBuildPhase section */
		B3AB184A228A4FED0084802A /* Frameworks */ = {
			isa = PBXFrameworksBuildPhase;
			buildActionMask = 2147483647;
			files = (
			);
			runOnlyForDeploymentPostprocessing = 0;
		};
/* End PBXFrameworksBuildPhase section */

/* Begin PBXGroup section */
		B30764EF22D1310400C2AD66 /* Designables */ = {
			isa = PBXGroup;
			children = (
				B30764F022D1310400C2AD66 /* UIButtonX.swift */,
				B30764F122D1310400C2AD66 /* UILabelX.swift */,
				B30764F222D1310400C2AD66 /* UIImageViewX.swift */,
				B30764F322D1310400C2AD66 /* UIViewX.swift */,
			);
			path = Designables;
			sourceTree = "<group>";
		};
		B37D9F3D22CCE7D8001384E3 /* Tutorial */ = {
			isa = PBXGroup;
			children = (
				B37D9F3B22CCE748001384E3 /* P0Tutorial.swift */,
				B30764FA22D1581200C2AD66 /* M0Tutorial.swift */,
				B30764FC22D159AA00C2AD66 /* N0Tutorial.swift */,
			);
			path = Tutorial;
			sourceTree = "<group>";
		};
		B3935546229B34C800F88C4A /* TableViewControllers */ = {
			isa = PBXGroup;
			children = (
				B3935544229B344000F88C4A /* SettingsTBController.swift */,
				B393553E2299B89E00F88C4A /* OrbitsTableViewController.swift */,
			);
			path = TableViewControllers;
			sourceTree = "<group>";
		};
		B3AB1844228A4FED0084802A = {
			isa = PBXGroup;
			children = (
				B3AB184F228A4FED0084802A /* AR Orbits */,
				B3AB184E228A4FED0084802A /* Products */,
			);
			sourceTree = "<group>";
		};
		B3AB184E228A4FED0084802A /* Products */ = {
			isa = PBXGroup;
			children = (
				B3AB184D228A4FED0084802A /* AR Orbits.app */,
			);
			name = Products;
			sourceTree = "<group>";
		};
		B3AB184F228A4FED0084802A /* AR Orbits */ = {
			isa = PBXGroup;
			children = (
				B3AB1850228A4FED0084802A /* AppDelegate.swift */,
				B3AB1852228A4FED0084802A /* art.scnassets */,
				B3935546229B34C800F88C4A /* TableViewControllers */,
				B3B2FED1229B769C009AE1CD /* Models */,
				B3AB1854228A4FED0084802A /* ARViewController.swift */,
				B393553C2298770D00F88C4A /* HomeViewController.swift */,
				B3C6901022974ED100AB80BF /* PCIController.swift */,
				B3935547229B3C1300F88C4A /* OEController.swift */,
				B3B2FED4229C5C69009AE1CD /* PCIOEViewController.swift */,
				B30764F822D155FF00C2AD66 /* AboutViewController.swift */,
				B37D9F3D22CCE7D8001384E3 /* Tutorial */,
				B3AB1856228A4FED0084802A /* Main.storyboard */,
				B3AB1859228A4FEE0084802A /* Assets.xcassets */,
				B30764EF22D1310400C2AD66 /* Designables */,
				B3AB186B229060140084802A /* Textures */,
				B3AB186C2290601B0084802A /* Icons */,
				B3C6900F22973FC700AB80BF /* Images */,
				B3AB185B228A4FEE0084802A /* LaunchScreen.storyboard */,
				B3AB185E228A4FEE0084802A /* Info.plist */,
			);
			path = "AR Orbits";
			sourceTree = "<group>";
		};
		B3AB186B229060140084802A /* Textures */ = {
			isa = PBXGroup;
			children = (
				B3AB1864228B1C160084802A /* EarthTexture.png */,
			);
			path = Textures;
			sourceTree = "<group>";
		};
		B3AB186C2290601B0084802A /* Icons */ = {
			isa = PBXGroup;
			children = (
				B31283F122C2E4C200133212 /* AppIconMain.png */,
				B3935542229A185B00F88C4A /* settingsIcon.png */,
				B3AB186D229062C70084802A /* DownArrow.png */,
				B3AB186E229062C70084802A /* UpArrow.png */,
			);
			path = Icons;
			sourceTree = "<group>";
		};
		B3B2FED1229B769C009AE1CD /* Models */ = {
			isa = PBXGroup;
			children = (
				B39355402299C33200F88C4A /* Orbit.swift */,
				B3B2FED2229B7F84009AE1CD /* DefaultOrbitsAndVars.swift */,
				B3AB187122931DE90084802A /* OrbitEquations.swift */,
				B3B2FED6229C68D4009AE1CD /* DataStructure.swift */,
				B3B2FED8229DB4B0009AE1CD /* OrbitCell.swift */,
			);
			path = Models;
			sourceTree = "<group>";
		};
		B3C6900F22973FC700AB80BF /* Images */ = {
			isa = PBXGroup;
			children = (
				B3F0CA6322DE3434007D75A9 /* Mocha.jpeg */,
				B3F0CA6B22DE7491007D75A9 /* gatorsLogo.png */,
				B3F0CA6D22DE806C007D75A9 /* selfie.jpg */,
				B3F0CA6922DE384D007D75A9 /* donation.png */,
				B3F0CA5B22DE0F7B007D75A9 /* UF_MAElogo.png */,
				B3F0CA5F22DE2B4B007D75A9 /* headshot.jpg */,
				B3F0CA5D22DE0FF5007D75A9 /* engineeringLogo.png */,
				B3F0CA5922DE0C8E007D75A9 /* aboutPic.jpg */,
				B38A3F5A22A0A12E00F00DEB /* OrbitBGMain.jpg */,
				B318F23522CF96E2008A524E /* minTutBG.jpg */,
				B30764ED22D11ED400C2AD66 /* waves.png */,
				B38A3F5822A06B5100F00DEB /* Matterhorn.jpeg */,
				B38A3F5622A06A0500F00DEB /* PCIOEBackground.png */,
				B3C6900C22973FC200AB80BF /* rvBG.jpg */,
				B3C6900B22973FC200AB80BF /* MainBGImage.jpg */,
			);
			path = Images;
			sourceTree = "<group>";
		};
/* End PBXGroup section */

/* Begin PBXNativeTarget section */
		B3AB184C228A4FED0084802A /* AR Orbits */ = {
			isa = PBXNativeTarget;
			buildConfigurationList = B3AB1861228A4FEE0084802A /* Build configuration list for PBXNativeTarget "AR Orbits" */;
			buildPhases = (
				B3AB1849228A4FED0084802A /* Sources */,
				B3AB184A228A4FED0084802A /* Frameworks */,
				B3AB184B228A4FED0084802A /* Resources */,
			);
			buildRules = (
			);
			dependencies = (
			);
			name = "AR Orbits";
			productName = "Blast Off";
			productReference = B3AB184D228A4FED0084802A /* AR Orbits.app */;
			productType = "com.apple.product-type.application";
		};
/* End PBXNativeTarget section */

/* Begin PBXProject section */
		B3AB1845228A4FED0084802A /* Project object */ = {
			isa = PBXProject;
			attributes = {
				LastSwiftUpdateCheck = 1010;
				LastUpgradeCheck = 1010;
				ORGANIZATIONNAME = personal;
				TargetAttributes = {
					B3AB184C228A4FED0084802A = {
						CreatedOnToolsVersion = 10.1;
					};
				};
			};
			buildConfigurationList = B3AB1848228A4FED0084802A /* Build configuration list for PBXProject "AR Orbits" */;
			compatibilityVersion = "Xcode 9.3";
			developmentRegion = en;
			hasScannedForEncodings = 0;
			knownRegions = (
				en,
				Base,
			);
			mainGroup = B3AB1844228A4FED0084802A;
			productRefGroup = B3AB184E228A4FED0084802A /* Products */;
			projectDirPath = "";
			projectRoot = "";
			targets = (
				B3AB184C228A4FED0084802A /* AR Orbits */,
			);
		};
/* End PBXProject section */

/* Begin PBXResourcesBuildPhase section */
		B3AB184B228A4FED0084802A /* Resources */ = {
			isa = PBXResourcesBuildPhase;
			buildActionMask = 2147483647;
			files = (
				B3AB1853228A4FED0084802A /* art.scnassets in Resources */,
				B3F0CA5A22DE0C8F007D75A9 /* aboutPic.jpg in Resources */,
				B3935543229A185B00F88C4A /* settingsIcon.png in Resources */,
				B3F0CA6422DE3434007D75A9 /* Mocha.jpeg in Resources */,
				B3F0CA5C22DE0F7C007D75A9 /* UF_MAElogo.png in Resources */,
				B3F0CA5E22DE0FF6007D75A9 /* engineeringLogo.png in Resources */,
				B30764EE22D11ED400C2AD66 /* waves.png in Resources */,
				B3AB186F229062C70084802A /* DownArrow.png in Resources */,
				B3F0CA6022DE2B4C007D75A9 /* headshot.jpg in Resources */,
				B38A3F5922A06B5100F00DEB /* Matterhorn.jpeg in Resources */,
				B38A3F5B22A0A12E00F00DEB /* OrbitBGMain.jpg in Resources */,
				B318F23622CF96E2008A524E /* minTutBG.jpg in Resources */,
				B3AB185D228A4FEE0084802A /* LaunchScreen.storyboard in Resources */,
				B3AB185A228A4FEE0084802A /* Assets.xcassets in Resources */,
				B31283F222C2E4C300133212 /* AppIconMain.png in Resources */,
				B3F0CA6C22DE7492007D75A9 /* gatorsLogo.png in Resources */,
				B38A3F5722A06A0500F00DEB /* PCIOEBackground.png in Resources */,
				B3F0CA6E22DE806D007D75A9 /* selfie.jpg in Resources */,
				B3C6900E22973FC200AB80BF /* rvBG.jpg in Resources */,
				B3F0CA6A22DE384E007D75A9 /* donation.png in Resources */,
				B3AB1865228B1C160084802A /* EarthTexture.png in Resources */,
				B3AB1870229062C70084802A /* UpArrow.png in Resources */,
				B3AB1858228A4FED0084802A /* Main.storyboard in Resources */,
				B3C6900D22973FC200AB80BF /* MainBGImage.jpg in Resources */,
			);
			runOnlyForDeploymentPostprocessing = 0;
		};
/* End PBXResourcesBuildPhase section */

/* Begin PBXSourcesBuildPhase section */
		B3AB1849228A4FED0084802A /* Sources */ = {
			isa = PBXSourcesBuildPhase;
			buildActionMask = 2147483647;
			files = (
				B3B2FED9229DB4B0009AE1CD /* OrbitCell.swift in Sources */,
				B3B2FED3229B7F84009AE1CD /* DefaultOrbitsAndVars.swift in Sources */,
				B3935545229B344000F88C4A /* SettingsTBController.swift in Sources */,
				B393553D2298770D00F88C4A /* HomeViewController.swift in Sources */,
				B3935548229B3C1300F88C4A /* OEController.swift in Sources */,
				B30764FD22D159AA00C2AD66 /* N0Tutorial.swift in Sources */,
				B30764F622D1310400C2AD66 /* UIImageViewX.swift in Sources */,
				B3AB187222931DE90084802A /* OrbitEquations.swift in Sources */,
				B39355412299C33200F88C4A /* Orbit.swift in Sources */,
				B3AB1855228A4FED0084802A /* ARViewController.swift in Sources */,
				B30764F922D155FF00C2AD66 /* AboutViewController.swift in Sources */,
				B3C6901122974ED100AB80BF /* PCIController.swift in Sources */,
				B393553F2299B89E00F88C4A /* OrbitsTableViewController.swift in Sources */,
				B30764FB22D1581200C2AD66 /* M0Tutorial.swift in Sources */,
				B3B2FED7229C68D4009AE1CD /* DataStructure.swift in Sources */,
				B30764F422D1310400C2AD66 /* UIButtonX.swift in Sources */,
				B37D9F3C22CCE748001384E3 /* P0Tutorial.swift in Sources */,
				B3B2FED5229C5C69009AE1CD /* PCIOEViewController.swift in Sources */,
				B3AB1851228A4FED0084802A /* AppDelegate.swift in Sources */,
				B30764F522D1310400C2AD66 /* UILabelX.swift in Sources */,
				B30764F722D1310400C2AD66 /* UIViewX.swift in Sources */,
			);
			runOnlyForDeploymentPostprocessing = 0;
		};
/* End PBXSourcesBuildPhase section */

/* Begin PBXVariantGroup section */
		B3AB1856228A4FED0084802A /* Main.storyboard */ = {
			isa = PBXVariantGroup;
			children = (
				B3AB1857228A4FED0084802A /* Base */,
			);
			name = Main.storyboard;
			sourceTree = "<group>";
		};
		B3AB185B228A4FEE0084802A /* LaunchScreen.storyboard */ = {
			isa = PBXVariantGroup;
			children = (
				B3AB185C228A4FEE0084802A /* Base */,
			);
			name = LaunchScreen.storyboard;
			sourceTree = "<group>";
		};
/* End PBXVariantGroup section */

/* Begin XCBuildConfiguration section */
		B3AB185F228A4FEE0084802A /* Debug */ = {
			isa = XCBuildConfiguration;
			buildSettings = {
				ALWAYS_SEARCH_USER_PATHS = NO;
				CLANG_ANALYZER_NONNULL = YES;
				CLANG_ANALYZER_NUMBER_OBJECT_CONVERSION = YES_AGGRESSIVE;
				CLANG_CXX_LANGUAGE_STANDARD = "gnu++14";
				CLANG_CXX_LIBRARY = "libc++";
				CLANG_ENABLE_MODULES = YES;
				CLANG_ENABLE_OBJC_ARC = YES;
				CLANG_ENABLE_OBJC_WEAK = YES;
				CLANG_WARN_BLOCK_CAPTURE_AUTORELEASING = YES;
				CLANG_WARN_BOOL_CONVERSION = YES;
				CLANG_WARN_COMMA = YES;
				CLANG_WARN_CONSTANT_CONVERSION = YES;
				CLANG_WARN_DEPRECATED_OBJC_IMPLEMENTATIONS = YES;
				CLANG_WARN_DIRECT_OBJC_ISA_USAGE = YES_ERROR;
				CLANG_WARN_DOCUMENTATION_COMMENTS = YES;
				CLANG_WARN_EMPTY_BODY = YES;
				CLANG_WARN_ENUM_CONVERSION = YES;
				CLANG_WARN_INFINITE_RECURSION = YES;
				CLANG_WARN_INT_CONVERSION = YES;
				CLANG_WARN_NON_LITERAL_NULL_CONVERSION = YES;
				CLANG_WARN_OBJC_IMPLICIT_RETAIN_SELF = YES;
				CLANG_WARN_OBJC_LITERAL_CONVERSION = YES;
				CLANG_WARN_OBJC_ROOT_CLASS = YES_ERROR;
				CLANG_WARN_RANGE_LOOP_ANALYSIS = YES;
				CLANG_WARN_STRICT_PROTOTYPES = YES;
				CLANG_WARN_SUSPICIOUS_MOVE = YES;
				CLANG_WARN_UNGUARDED_AVAILABILITY = YES_AGGRESSIVE;
				CLANG_WARN_UNREACHABLE_CODE = YES;
				CLANG_WARN__DUPLICATE_METHOD_MATCH = YES;
				CODE_SIGN_IDENTITY = "iPhone Developer";
				COPY_PHASE_STRIP = NO;
				DEBUG_INFORMATION_FORMAT = dwarf;
				ENABLE_STRICT_OBJC_MSGSEND = YES;
				ENABLE_TESTABILITY = YES;
				GCC_C_LANGUAGE_STANDARD = gnu11;
				GCC_DYNAMIC_NO_PIC = NO;
				GCC_NO_COMMON_BLOCKS = YES;
				GCC_OPTIMIZATION_LEVEL = 0;
				GCC_PREPROCESSOR_DEFINITIONS = (
					"DEBUG=1",
					"$(inherited)",
				);
				GCC_WARN_64_TO_32_BIT_CONVERSION = YES;
				GCC_WARN_ABOUT_RETURN_TYPE = YES_ERROR;
				GCC_WARN_UNDECLARED_SELECTOR = YES;
				GCC_WARN_UNINITIALIZED_AUTOS = YES_AGGRESSIVE;
				GCC_WARN_UNUSED_FUNCTION = YES;
				GCC_WARN_UNUSED_VARIABLE = YES;
				IPHONEOS_DEPLOYMENT_TARGET = 12.1;
				MTL_ENABLE_DEBUG_INFO = INCLUDE_SOURCE;
				MTL_FAST_MATH = YES;
				ONLY_ACTIVE_ARCH = YES;
				SDKROOT = iphoneos;
				SWIFT_ACTIVE_COMPILATION_CONDITIONS = DEBUG;
				SWIFT_OPTIMIZATION_LEVEL = "-Onone";
			};
			name = Debug;
		};
		B3AB1860228A4FEE0084802A /* Release */ = {
			isa = XCBuildConfiguration;
			buildSettings = {
				ALWAYS_SEARCH_USER_PATHS = NO;
				CLANG_ANALYZER_NONNULL = YES;
				CLANG_ANALYZER_NUMBER_OBJECT_CONVERSION = YES_AGGRESSIVE;
				CLANG_CXX_LANGUAGE_STANDARD = "gnu++14";
				CLANG_CXX_LIBRARY = "libc++";
				CLANG_ENABLE_MODULES = YES;
				CLANG_ENABLE_OBJC_ARC = YES;
				CLANG_ENABLE_OBJC_WEAK = YES;
				CLANG_WARN_BLOCK_CAPTURE_AUTORELEASING = YES;
				CLANG_WARN_BOOL_CONVERSION = YES;
				CLANG_WARN_COMMA = YES;
				CLANG_WARN_CONSTANT_CONVERSION = YES;
				CLANG_WARN_DEPRECATED_OBJC_IMPLEMENTATIONS = YES;
				CLANG_WARN_DIRECT_OBJC_ISA_USAGE = YES_ERROR;
				CLANG_WARN_DOCUMENTATION_COMMENTS = YES;
				CLANG_WARN_EMPTY_BODY = YES;
				CLANG_WARN_ENUM_CONVERSION = YES;
				CLANG_WARN_INFINITE_RECURSION = YES;
				CLANG_WARN_INT_CONVERSION = YES;
				CLANG_WARN_NON_LITERAL_NULL_CONVERSION = YES;
				CLANG_WARN_OBJC_IMPLICIT_RETAIN_SELF = YES;
				CLANG_WARN_OBJC_LITERAL_CONVERSION = YES;
				CLANG_WARN_OBJC_ROOT_CLASS = YES_ERROR;
				CLANG_WARN_RANGE_LOOP_ANALYSIS = YES;
				CLANG_WARN_STRICT_PROTOTYPES = YES;
				CLANG_WARN_SUSPICIOUS_MOVE = YES;
				CLANG_WARN_UNGUARDED_AVAILABILITY = YES_AGGRESSIVE;
				CLANG_WARN_UNREACHABLE_CODE = YES;
				CLANG_WARN__DUPLICATE_METHOD_MATCH = YES;
				CODE_SIGN_IDENTITY = "iPhone Developer";
				COPY_PHASE_STRIP = NO;
				DEBUG_INFORMATION_FORMAT = "dwarf-with-dsym";
				ENABLE_NS_ASSERTIONS = NO;
				ENABLE_STRICT_OBJC_MSGSEND = YES;
				GCC_C_LANGUAGE_STANDARD = gnu11;
				GCC_NO_COMMON_BLOCKS = YES;
				GCC_WARN_64_TO_32_BIT_CONVERSION = YES;
				GCC_WARN_ABOUT_RETURN_TYPE = YES_ERROR;
				GCC_WARN_UNDECLARED_SELECTOR = YES;
				GCC_WARN_UNINITIALIZED_AUTOS = YES_AGGRESSIVE;
				GCC_WARN_UNUSED_FUNCTION = YES;
				GCC_WARN_UNUSED_VARIABLE = YES;
				IPHONEOS_DEPLOYMENT_TARGET = 12.1;
				MTL_ENABLE_DEBUG_INFO = NO;
				MTL_FAST_MATH = YES;
				SDKROOT = iphoneos;
				SWIFT_COMPILATION_MODE = wholemodule;
				SWIFT_OPTIMIZATION_LEVEL = "-O";
				VALIDATE_PRODUCT = YES;
			};
			name = Release;
		};
		B3AB1862228A4FEE0084802A /* Debug */ = {
			isa = XCBuildConfiguration;
			buildSettings = {
				ASSETCATALOG_COMPILER_APPICON_NAME = AppIcon;
				CODE_SIGN_STYLE = Automatic;
				DEVELOPMENT_TEAM = 37NWD4XUMT;
				INFOPLIST_FILE = "AR Orbits/Info.plist";
				IPHONEOS_DEPLOYMENT_TARGET = 12.0;
				LD_RUNPATH_SEARCH_PATHS = (
					"$(inherited)",
					"@executable_path/Frameworks",
				);
				PRODUCT_BUNDLE_IDENTIFIER = com.personal.AROrbits;
				PRODUCT_NAME = "$(TARGET_NAME)";
				SWIFT_VERSION = 4.2;
				TARGETED_DEVICE_FAMILY = "1,2";
			};
			name = Debug;
		};
		B3AB1863228A4FEE0084802A /* Release */ = {
			isa = XCBuildConfiguration;
			buildSettings = {
				ASSETCATALOG_COMPILER_APPICON_NAME = AppIcon;
				CODE_SIGN_STYLE = Automatic;
				DEVELOPMENT_TEAM = 37NWD4XUMT;
				INFOPLIST_FILE = "AR Orbits/Info.plist";
				IPHONEOS_DEPLOYMENT_TARGET = 12.0;
				LD_RUNPATH_SEARCH_PATHS = (
					"$(inherited)",
					"@executable_path/Frameworks",
				);
				PRODUCT_BUNDLE_IDENTIFIER = com.personal.AROrbits;
				PRODUCT_NAME = "$(TARGET_NAME)";
				SWIFT_VERSION = 4.2;
				TARGETED_DEVICE_FAMILY = "1,2";
			};
			name = Release;
		};
/* End XCBuildConfiguration section */

/* Begin XCConfigurationList section */
		B3AB1848228A4FED0084802A /* Build configuration list for PBXProject "AR Orbits" */ = {
			isa = XCConfigurationList;
			buildConfigurations = (
				B3AB185F228A4FEE0084802A /* Debug */,
				B3AB1860228A4FEE0084802A /* Release */,
			);
			defaultConfigurationIsVisible = 0;
			defaultConfigurationName = Release;
		};
		B3AB1861228A4FEE0084802A /* Build configuration list for PBXNativeTarget "AR Orbits" */ = {
			isa = XCConfigurationList;
			buildConfigurations = (
				B3AB1862228A4FEE0084802A /* Debug */,
				B3AB1863228A4FEE0084802A /* Release */,
			);
			defaultConfigurationIsVisible = 0;
			defaultConfigurationName = Release;
		};
/* End XCConfigurationList section */
	};
	rootObject = B3AB1845228A4FED0084802A /* Project object */;
}
